
Microsoft Visual Studio Solution File, Format Version 12.00
# Visual Studio Version 16
VisualStudioVersion = 16.0.30002.166
MinimumVisualStudioVersion = 10.0.40219.1
Project("{FAE04EC0-301F-11D3-BF4B-00C04F79EFBC}") = "ControllerPriestGUI", "ControllerPriestGUI\ControllerPriestGUI.csproj", "{AA7052AE-7A38-4B26-B98D-4D2C45C7E19E}"
EndProject
Global
	GlobalSection(SolutionConfigurationPlatforms) = preSolution
		Debug|Any CPU = Debug|Any CPU
		Debug|x64 = Debug|x64
		Debug|x86 = Debug|x86
		Release|Any CPU = Release|Any CPU
		Release|x64 = Release|x64
		Release|x86 = Release|x86
	EndGlobalSection
	GlobalSection(ProjectConfigurationPlatforms) = postSolution
		{AA7052AE-7A38-4B26-B98D-4D2C45C7E19E}.Debug|Any CPU.ActiveCfg = Debug|Any CPU
		{AA7052AE-7A38-4B26-B98D-4D2C45C7E19E}.Debug|Any CPU.Build.0 = Debug|Any CPU
		{AA7052AE-7A38-4B26-B98D-4D2C45C7E19E}.Debug|x64.ActiveCfg = Debug|Any CPU
		{AA7052AE-7A38-4B26-B98D-4D2C45C7E19E}.Debug|x64.Build.0 = Debug|Any CPU
		{AA7052AE-7A38-4B26-B98D-4D2C45C7E19E}.Debug|x86.ActiveCfg = Debug|Any CPU
		{AA7052AE-7A38-4B26-B98D-4D2C45C7E19E}.Debug|x86.Build.0 = Debug|Any CPU
		{AA7052AE-7A38-4B26-B98D-4D2C45C7E19E}.Release|Any CPU.ActiveCfg = Release|Any CPU
		{AA7052AE-7A38-4B26-B98D-4D2C45C7E19E}.Release|Any CPU.Build.0 = Release|Any CPU
		{AA7052AE-7A38-4B26-B98D-4D2C45C7E19E}.Release|x64.ActiveCfg = Release|Any CPU
		{AA7052AE-7A38-4B26-B98D-4D2C45C7E19E}.Release|x64.Build.0 = Release|Any CPU
		{AA7052AE-7A38-4B26-B98D-4D2C45C7E19E}.Release|x86.ActiveCfg = Release|Any CPU
		{AA7052AE-7A38-4B26-B98D-4D2C45C7E19E}.Release|x86.Build.0 = Release|Any CPU
	EndGlobalSection
	GlobalSection(SolutionProperties) = preSolution
		HideSolutionNode = FALSE
	EndGlobalSection
	GlobalSection(ExtensibilityGlobals) = postSolution
		SolutionGuid = {230D8BB9-547C-4B17-9381-427E7B08EFB9}
	EndGlobalSection
EndGlobal
